{
  "lockfile_version": "1",
  "packages": {
    "poetry@latest": {
      "last_modified": "2023-11-23T16:10:41Z",
      "plugin_version": "0.0.3",
      "resolved": "github:NixOS/nixpkgs/e8b0430bc4c4235607ae102010dec2ba32e8c0ca#poetry",
      "source": "devbox-search",
      "version": "1.7.0",
      "systems": {
        "aarch64-darwin": {
          "store_path": "/nix/store/11713v1m45j2xph7cb0vrr9pfvl3jwh0-python3.11-poetry-1.7.0"
        },
        "aarch64-linux": {
          "store_path": "/nix/store/zrhqsjxn17p0w99fp31wqmzi4v6daqr5-python3.11-poetry-1.7.0"
        },
        "x86_64-darwin": {
          "store_path": "/nix/store/fwjkdxri5zfyjq4h4y8b7mc9nm37l6fz-python3.11-poetry-1.7.0"
        },
        "x86_64-linux": {
          "store_path": "/nix/store/8vghzmkima78y49nqjg7cdfxc807jcv0-python3.11-poetry-1.7.0"
        }
      }
    },
    "pre-commit@latest": {
      "last_modified": "2023-11-23T16:10:41Z",
      "resolved": "github:NixOS/nixpkgs/e8b0430bc4c4235607ae102010dec2ba32e8c0ca#pre-commit",
      "source": "devbox-search",
      "version": "3.3.3",
      "systems": {
        "aarch64-darwin": {
          "store_path": "/nix/store/x5dgvv021d2z5invlm22hi9wr3s7kvvy-pre-commit-3.3.3"
        },
        "aarch64-linux": {
          "store_path": "/nix/store/g0hbgxaa8a685v6hbjvpw6vffd504h5s-pre-commit-3.3.3"
        },
        "x86_64-darwin": {
          "store_path": "/nix/store/shxsdy5k91gmrdk58vmcllx6qwp0sznw-pre-commit-3.3.3"
        },
        "x86_64-linux": {
          "store_path": "/nix/store/43fkn1xr3qkyvc178hgr8np3p80zb0zj-pre-commit-3.3.3"
        }
      }
    },
    "python@3.11": {
      "last_modified": "2023-11-17T14:14:56Z",
      "plugin_version": "0.0.1",
      "resolved": "github:NixOS/nixpkgs/a71323f68d4377d12c04a5410e214495ec598d4c#python3",
      "source": "devbox-search",
      "version": "3.11.6",
      "systems": {
        "aarch64-darwin": {
          "store_path": "/nix/store/ai4hd8f1xhr0rfjdr17bxx1rwi42sx97-python3-3.11.6"
        },
        "aarch64-linux": {
          "store_path": "/nix/store/7ahkv87jj59z90yal5dcrgagz58cqmz6-python3-3.11.6"
        },
        "x86_64-darwin": {
          "store_path": "/nix/store/dc4xnyqi2kh25f1c74dfczxw95anbhhr-python3-3.11.6"
        },
        "x86_64-linux": {
          "store_path": "/nix/store/qp5zys77biz7imbk6yy85q5pdv7qk84j-python3-3.11.6"
        }
      }
    }
  }
}
